
Microsoft Visual Studio Solution File, Format Version 12.00
# Visual Studio 15
Project("{FAE04EC0-301F-11D3-BF4B-00C04F79EFBC}") = "Assembly-CSharp", "Assembly-CSharp.csproj", "{B5509DB1-833C-56F6-C344-61BF15AD5F7A}"
EndProject
Project("{FAE04EC0-301F-11D3-BF4B-00C04F79EFBC}") = "Assembly-CSharp-Editor", "Assembly-CSharp-Editor.csproj", "{D52D5D96-7A39-ECE6-30F8-C06D9E621CCC}"
EndProject
Global
	GlobalSection(SolutionConfigurationPlatforms) = preSolution
		Debug|Any CPU = Debug|Any CPU
		Release|Any CPU = Release|Any CPU
	EndGlobalSection
	GlobalSection(ProjectConfigurationPlatforms) = postSolution
		{B5509DB1-833C-56F6-C344-61BF15AD5F7A}.Debug|Any CPU.ActiveCfg = Debug|Any CPU
		{B5509DB1-833C-56F6-C344-61BF15AD5F7A}.Debug|Any CPU.Build.0 = Debug|Any CPU
		{B5509DB1-833C-56F6-C344-61BF15AD5F7A}.Release|Any CPU.ActiveCfg = Release|Any CPU
		{B5509DB1-833C-56F6-C344-61BF15AD5F7A}.Release|Any CPU.Build.0 = Release|Any CPU
		{D52D5D96-7A39-ECE6-30F8-C06D9E621CCC}.Debug|Any CPU.ActiveCfg = Debug|Any CPU
		{D52D5D96-7A39-ECE6-30F8-C06D9E621CCC}.Debug|Any CPU.Build.0 = Debug|Any CPU
		{D52D5D96-7A39-ECE6-30F8-C06D9E621CCC}.Release|Any CPU.ActiveCfg = Release|Any CPU
		{D52D5D96-7A39-ECE6-30F8-C06D9E621CCC}.Release|Any CPU.Build.0 = Release|Any CPU
	EndGlobalSection
	GlobalSection(SolutionProperties) = preSolution
		HideSolutionNode = FALSE
	EndGlobalSection
EndGlobal
